
Microsoft Visual Studio Solution File, Format Version 12.00
# Visual Studio Version 17
VisualStudioVersion = 17.1.31911.260
MinimumVisualStudioVersion = 10.0.40219.1
Project("{9A19103F-16F7-4668-BE54-9A1E7A4F7556}") = "Task_Additional_WorkOnDocs", "Task_Additional_WorkOnDocs\Task_Additional_WorkOnDocs.csproj", "{7E11CF49-3621-40C8-9497-D1BB8B1035EA}"
EndProject
Project("{9A19103F-16F7-4668-BE54-9A1E7A4F7556}") = "Task2_AbstractHandler", "Task2_AbstractHandler\Task2_AbstractHandler.csproj", "{943CB2BF-6C6E-493E-8FEE-5EFF82618D86}"
EndProject
Project("{9A19103F-16F7-4668-BE54-9A1E7A4F7556}") = "Task3_IPlayable_IRecodable", "Task3_IPlayable_IRecodable\Task3_IPlayable_IRecodable.csproj", "{0C700891-F4F3-4B5C-BF63-886E149CB389}"
EndProject
Project("{9A19103F-16F7-4668-BE54-9A1E7A4F7556}") = "MyPractice1_InterfaceAsPatternOfRequirements", "MyPractice1_InterfaceAsPatternOfRequirements\MyPractice1_InterfaceAsPatternOfRequirements.csproj", "{4FC07936-97A7-4C95-94EC-A44B8EE383D4}"
EndProject
Project("{9A19103F-16F7-4668-BE54-9A1E7A4F7556}") = "MyPractice2_InterfaceAsFunctionalFilter", "MyPractice2_InterfaceAsFunctionalFilter\MyPractice2_InterfaceAsFunctionalFilter.csproj", "{619E524A-1AFB-405C-82A4-794B72E6BC54}"
EndProject
Global
	GlobalSection(SolutionConfigurationPlatforms) = preSolution
		Debug|Any CPU = Debug|Any CPU
		Release|Any CPU = Release|Any CPU
	EndGlobalSection
	GlobalSection(ProjectConfigurationPlatforms) = postSolution
		{7E11CF49-3621-40C8-9497-D1BB8B1035EA}.Debug|Any CPU.ActiveCfg = Debug|Any CPU
		{7E11CF49-3621-40C8-9497-D1BB8B1035EA}.Debug|Any CPU.Build.0 = Debug|Any CPU
		{7E11CF49-3621-40C8-9497-D1BB8B1035EA}.Release|Any CPU.ActiveCfg = Release|Any CPU
		{7E11CF49-3621-40C8-9497-D1BB8B1035EA}.Release|Any CPU.Build.0 = Release|Any CPU
		{943CB2BF-6C6E-493E-8FEE-5EFF82618D86}.Debug|Any CPU.ActiveCfg = Debug|Any CPU
		{943CB2BF-6C6E-493E-8FEE-5EFF82618D86}.Debug|Any CPU.Build.0 = Debug|Any CPU
		{943CB2BF-6C6E-493E-8FEE-5EFF82618D86}.Release|Any CPU.ActiveCfg = Release|Any CPU
		{943CB2BF-6C6E-493E-8FEE-5EFF82618D86}.Release|Any CPU.Build.0 = Release|Any CPU
		{0C700891-F4F3-4B5C-BF63-886E149CB389}.Debug|Any CPU.ActiveCfg = Debug|Any CPU
		{0C700891-F4F3-4B5C-BF63-886E149CB389}.Debug|Any CPU.Build.0 = Debug|Any CPU
		{0C700891-F4F3-4B5C-BF63-886E149CB389}.Release|Any CPU.ActiveCfg = Release|Any CPU
		{0C700891-F4F3-4B5C-BF63-886E149CB389}.Release|Any CPU.Build.0 = Release|Any CPU
		{4FC07936-97A7-4C95-94EC-A44B8EE383D4}.Debug|Any CPU.ActiveCfg = Debug|Any CPU
		{4FC07936-97A7-4C95-94EC-A44B8EE383D4}.Debug|Any CPU.Build.0 = Debug|Any CPU
		{4FC07936-97A7-4C95-94EC-A44B8EE383D4}.Release|Any CPU.ActiveCfg = Release|Any CPU
		{4FC07936-97A7-4C95-94EC-A44B8EE383D4}.Release|Any CPU.Build.0 = Release|Any CPU
		{619E524A-1AFB-405C-82A4-794B72E6BC54}.Debug|Any CPU.ActiveCfg = Debug|Any CPU
		{619E524A-1AFB-405C-82A4-794B72E6BC54}.Debug|Any CPU.Build.0 = Debug|Any CPU
		{619E524A-1AFB-405C-82A4-794B72E6BC54}.Release|Any CPU.ActiveCfg = Release|Any CPU
		{619E524A-1AFB-405C-82A4-794B72E6BC54}.Release|Any CPU.Build.0 = Release|Any CPU
	EndGlobalSection
	GlobalSection(SolutionProperties) = preSolution
		HideSolutionNode = FALSE
	EndGlobalSection
	GlobalSection(ExtensibilityGlobals) = postSolution
		SolutionGuid = {13E6421B-3E2D-4B3D-8133-004490E969B8}
	EndGlobalSection
EndGlobal
